// !$*UTF8*$!
{
	archiveVersion = 1;
	classes = {
	};
	objectVersion = 46;
	objects = {

/* Begin PBXBuildFile section */
		8E3219051DACD56600D79280 /* main.cpp in Sources */ = {isa = PBXBuildFile; fileRef = 8E3219041DACD56600D79280 /* main.cpp */; };
		8E32190E1DACD5BE00D79280 /* point.cpp in Sources */ = {isa = PBXBuildFile; fileRef = 8E32190C1DACD5BE00D79280 /* point.cpp */; };
		8E3219111DACD5D200D79280 /* triangle.cpp in Sources */ = {isa = PBXBuildFile; fileRef = 8E32190F1DACD5D200D79280 /* triangle.cpp */; };
		8E3219141DACD5DD00D79280 /* polygon.cpp in Sources */ = {isa = PBXBuildFile; fileRef = 8E3219121DACD5DD00D79280 /* polygon.cpp */; };
/* End PBXBuildFile section */

/* Begin PBXCopyFilesBuildPhase section */
		8E3218FF1DACD56600D79280 /* CopyFiles */ = {
			isa = PBXCopyFilesBuildPhase;
			buildActionMask = 2147483647;
			dstPath = /usr/share/man/man1/;
			dstSubfolderSpec = 0;
			files = (
			);
			runOnlyForDeploymentPostprocessing = 1;
		};
/* End PBXCopyFilesBuildPhase section */

/* Begin PBXFileReference section */
		8E3219011DACD56600D79280 /* UE32_2 */ = {isa = PBXFileReference; explicitFileType = "compiled.mach-o.executable"; includeInIndex = 0; path = UE32_2; sourceTree = BUILT_PRODUCTS_DIR; };
		8E3219041DACD56600D79280 /* main.cpp */ = {isa = PBXFileReference; lastKnownFileType = sourcecode.cpp.cpp; path = main.cpp; sourceTree = "<group>"; };
		8E32190C1DACD5BE00D79280 /* point.cpp */ = {isa = PBXFileReference; fileEncoding = 4; lastKnownFileType = sourcecode.cpp.cpp; path = point.cpp; sourceTree = "<group>"; };
		8E32190D1DACD5BE00D79280 /* point.hpp */ = {isa = PBXFileReference; fileEncoding = 4; lastKnownFileType = sourcecode.cpp.h; path = point.hpp; sourceTree = "<group>"; };
		8E32190F1DACD5D200D79280 /* triangle.cpp */ = {isa = PBXFileReference; fileEncoding = 4; lastKnownFileType = sourcecode.cpp.cpp; path = triangle.cpp; sourceTree = "<group>"; };
		8E3219101DACD5D200D79280 /* triangle.hpp */ = {isa = PBXFileReference; fileEncoding = 4; lastKnownFileType = sourcecode.cpp.h; path = triangle.hpp; sourceTree = "<group>"; };
		8E3219121DACD5DD00D79280 /* polygon.cpp */ = {isa = PBXFileReference; fileEncoding = 4; lastKnownFileType = sourcecode.cpp.cpp; path = polygon.cpp; sourceTree = "<group>"; };
		8E3219131DACD5DD00D79280 /* polygon.hpp */ = {isa = PBXFileReference; fileEncoding = 4; lastKnownFileType = sourcecode.cpp.h; path = polygon.hpp; sourceTree = "<group>"; };
/* End PBXFileReference section */

/* Begin PBXFrameworksBuildPhase section */
		8E3218FE1DACD56600D79280 /* Frameworks */ = {
			isa = PBXFrameworksBuildPhase;
			buildActionMask = 2147483647;
			files = (
			);
			runOnlyForDeploymentPostprocessing = 0;
		};
/* End PBXFrameworksBuildPhase section */

/* Begin PBXGroup section */
		8E3218F81DACD56600D79280 = {
			isa = PBXGroup;
			children = (
				8E3219031DACD56600D79280 /* UE32_2 */,
				8E3219021DACD56600D79280 /* Products */,
			);
			sourceTree = "<group>";
		};
		8E3219021DACD56600D79280 /* Products */ = {
			isa = PBXGroup;
			children = (
				8E3219011DACD56600D79280 /* UE32_2 */,
			);
			name = Products;
			sourceTree = "<group>";
		};
		8E3219031DACD56600D79280 /* UE32_2 */ = {
			isa = PBXGroup;
			children = (
				8E3219041DACD56600D79280 /* main.cpp */,
				8E32190C1DACD5BE00D79280 /* point.cpp */,
				8E32190D1DACD5BE00D79280 /* point.hpp */,
				8E32190F1DACD5D200D79280 /* triangle.cpp */,
				8E3219101DACD5D200D79280 /* triangle.hpp */,
				8E3219121DACD5DD00D79280 /* polygon.cpp */,
				8E3219131DACD5DD00D79280 /* polygon.hpp */,
			);
			path = UE32_2;
			sourceTree = "<group>";
		};
/* End PBXGroup section */

/* Begin PBXNativeTarget section */
		8E3219001DACD56600D79280 /* UE32_2 */ = {
			isa = PBXNativeTarget;
			buildConfigurationList = 8E3219081DACD56600D79280 /* Build configuration list for PBXNativeTarget "UE32_2" */;
			buildPhases = (
				8E3218FD1DACD56600D79280 /* Sources */,
				8E3218FE1DACD56600D79280 /* Frameworks */,
				8E3218FF1DACD56600D79280 /* CopyFiles */,
			);
			buildRules = (
			);
			dependencies = (
			);
			name = UE32_2;
			productName = UE32_2;
			productReference = 8E3219011DACD56600D79280 /* UE32_2 */;
			productType = "com.apple.product-type.tool";
		};
/* End PBXNativeTarget section */

/* Begin PBXProject section */
		8E3218F91DACD56600D79280 /* Project object */ = {
			isa = PBXProject;
			attributes = {
				LastUpgradeCheck = 0800;
				ORGANIZATIONNAME = RT;
				TargetAttributes = {
					8E3219001DACD56600D79280 = {
						CreatedOnToolsVersion = 8.0;
						ProvisioningStyle = Automatic;
					};
				};
			};
			buildConfigurationList = 8E3218FC1DACD56600D79280 /* Build configuration list for PBXProject "UE32_2" */;
			compatibilityVersion = "Xcode 3.2";
			developmentRegion = English;
			hasScannedForEncodings = 0;
			knownRegions = (
				en,
			);
			mainGroup = 8E3218F81DACD56600D79280;
			productRefGroup = 8E3219021DACD56600D79280 /* Products */;
			projectDirPath = "";
			projectRoot = "";
			targets = (
				8E3219001DACD56600D79280 /* UE32_2 */,
			);
		};
/* End PBXProject section */

/* Begin PBXSourcesBuildPhase section */
		8E3218FD1DACD56600D79280 /* Sources */ = {
			isa = PBXSourcesBuildPhase;
			buildActionMask = 2147483647;
			files = (
				8E3219141DACD5DD00D79280 /* polygon.cpp in Sources */,
				8E32190E1DACD5BE00D79280 /* point.cpp in Sources */,
				8E3219111DACD5D200D79280 /* triangle.cpp in Sources */,
				8E3219051DACD56600D79280 /* main.cpp in Sources */,
			);
			runOnlyForDeploymentPostprocessing = 0;
		};
/* End PBXSourcesBuildPhase section */

/* Begin XCBuildConfiguration section */
		8E3219061DACD56600D79280 /* Debug */ = {
			isa = XCBuildConfiguration;
			buildSettings = {
				ALWAYS_SEARCH_USER_PATHS = NO;
				CLANG_ANALYZER_NONNULL = YES;
				CLANG_CXX_LANGUAGE_STANDARD = "gnu++0x";
				CLANG_CXX_LIBRARY = "libc++";
				CLANG_ENABLE_MODULES = YES;
				CLANG_ENABLE_OBJC_ARC = YES;
				CLANG_WARN_BOOL_CONVERSION = YES;
				CLANG_WARN_CONSTANT_CONVERSION = YES;
				CLANG_WARN_DIRECT_OBJC_ISA_USAGE = YES_ERROR;
				CLANG_WARN_DOCUMENTATION_COMMENTS = YES;
				CLANG_WARN_EMPTY_BODY = YES;
				CLANG_WARN_ENUM_CONVERSION = YES;
				CLANG_WARN_INFINITE_RECURSION = YES;
				CLANG_WARN_INT_CONVERSION = YES;
				CLANG_WARN_OBJC_ROOT_CLASS = YES_ERROR;
				CLANG_WARN_SUSPICIOUS_MOVES = YES;
				CLANG_WARN_UNREACHABLE_CODE = YES;
				CLANG_WARN__DUPLICATE_METHOD_MATCH = YES;
				CODE_SIGN_IDENTITY = "-";
				COPY_PHASE_STRIP = NO;
				DEBUG_INFORMATION_FORMAT = dwarf;
				ENABLE_STRICT_OBJC_MSGSEND = YES;
				ENABLE_TESTABILITY = YES;
				GCC_C_LANGUAGE_STANDARD = gnu99;
				GCC_DYNAMIC_NO_PIC = NO;
				GCC_NO_COMMON_BLOCKS = YES;
				GCC_OPTIMIZATION_LEVEL = 0;
				GCC_PREPROCESSOR_DEFINITIONS = (
					"DEBUG=1",
					"$(inherited)",
				);
				GCC_WARN_64_TO_32_BIT_CONVERSION = YES;
				GCC_WARN_ABOUT_RETURN_TYPE = YES_ERROR;
				GCC_WARN_UNDECLARED_SELECTOR = YES;
				GCC_WARN_UNINITIALIZED_AUTOS = YES_AGGRESSIVE;
				GCC_WARN_UNUSED_FUNCTION = YES;
				GCC_WARN_UNUSED_VARIABLE = YES;
				MACOSX_DEPLOYMENT_TARGET = 10.11;
				MTL_ENABLE_DEBUG_INFO = YES;
				ONLY_ACTIVE_ARCH = YES;
				SDKROOT = macosx;
			};
			name = Debug;
		};
		8E3219071DACD56600D79280 /* Release */ = {
			isa = XCBuildConfiguration;
			buildSettings = {
				ALWAYS_SEARCH_USER_PATHS = NO;
				CLANG_ANALYZER_NONNULL = YES;
				CLANG_CXX_LANGUAGE_STANDARD = "gnu++0x";
				CLANG_CXX_LIBRARY = "libc++";
				CLANG_ENABLE_MODULES = YES;
				CLANG_ENABLE_OBJC_ARC = YES;
				CLANG_WARN_BOOL_CONVERSION = YES;
				CLANG_WARN_CONSTANT_CONVERSION = YES;
				CLANG_WARN_DIRECT_OBJC_ISA_USAGE = YES_ERROR;
				CLANG_WARN_DOCUMENTATION_COMMENTS = YES;
				CLANG_WARN_EMPTY_BODY = YES;
				CLANG_WARN_ENUM_CONVERSION = YES;
				CLANG_WARN_INFINITE_RECURSION = YES;
				CLANG_WARN_INT_CONVERSION = YES;
				CLANG_WARN_OBJC_ROOT_CLASS = YES_ERROR;
				CLANG_WARN_SUSPICIOUS_MOVES = YES;
				CLANG_WARN_UNREACHABLE_CODE = YES;
				CLANG_WARN__DUPLICATE_METHOD_MATCH = YES;
				CODE_SIGN_IDENTITY = "-";
				COPY_PHASE_STRIP = NO;
				DEBUG_INFORMATION_FORMAT = "dwarf-with-dsym";
				ENABLE_NS_ASSERTIONS = NO;
				ENABLE_STRICT_OBJC_MSGSEND = YES;
				GCC_C_LANGUAGE_STANDARD = gnu99;
				GCC_NO_COMMON_BLOCKS = YES;
				GCC_WARN_64_TO_32_BIT_CONVERSION = YES;
				GCC_WARN_ABOUT_RETURN_TYPE = YES_ERROR;
				GCC_WARN_UNDECLARED_SELECTOR = YES;
				GCC_WARN_UNINITIALIZED_AUTOS = YES_AGGRESSIVE;
				GCC_WARN_UNUSED_FUNCTION = YES;
				GCC_WARN_UNUSED_VARIABLE = YES;
				MACOSX_DEPLOYMENT_TARGET = 10.11;
				MTL_ENABLE_DEBUG_INFO = NO;
				SDKROOT = macosx;
			};
			name = Release;
		};
		8E3219091DACD56600D79280 /* Debug */ = {
			isa = XCBuildConfiguration;
			buildSettings = {
				PRODUCT_NAME = "$(TARGET_NAME)";
			};
			name = Debug;
		};
		8E32190A1DACD56600D79280 /* Release */ = {
			isa = XCBuildConfiguration;
			buildSettings = {
				PRODUCT_NAME = "$(TARGET_NAME)";
			};
			name = Release;
		};
/* End XCBuildConfiguration section */

/* Begin XCConfigurationList section */
		8E3218FC1DACD56600D79280 /* Build configuration list for PBXProject "UE32_2" */ = {
			isa = XCConfigurationList;
			buildConfigurations = (
				8E3219061DACD56600D79280 /* Debug */,
				8E3219071DACD56600D79280 /* Release */,
			);
			defaultConfigurationIsVisible = 0;
			defaultConfigurationName = Release;
		};
		8E3219081DACD56600D79280 /* Build configuration list for PBXNativeTarget "UE32_2" */ = {
			isa = XCConfigurationList;
			buildConfigurations = (
				8E3219091DACD56600D79280 /* Debug */,
				8E32190A1DACD56600D79280 /* Release */,
			);
			defaultConfigurationIsVisible = 0;
		};
/* End XCConfigurationList section */
	};
	rootObject = 8E3218F91DACD56600D79280 /* Project object */;
}
