// !$*UTF8*$!
{
	archiveVersion = 1;
	classes = {
	};
	objectVersion = 46;
	objects = {

/* Begin PBXBuildFile section */
		8E150C901DD1BD58002C2083 /* main.cpp in Sources */ = {isa = PBXBuildFile; fileRef = 8E150C8F1DD1BD58002C2083 /* main.cpp */; };
		8E150C9C1DD1C0C6002C2083 /* Place.cpp in Sources */ = {isa = PBXBuildFile; fileRef = 8E150C9A1DD1C0C6002C2083 /* Place.cpp */; };
		8E150CA01DD1C1BF002C2083 /* Way.cpp in Sources */ = {isa = PBXBuildFile; fileRef = 8E150C9E1DD1C1BF002C2083 /* Way.cpp */; };
		8E150CA31DD1C259002C2083 /* Map.cpp in Sources */ = {isa = PBXBuildFile; fileRef = 8E150CA11DD1C259002C2083 /* Map.cpp */; };
		8E150CA61DD1D324002C2083 /* Path.cpp in Sources */ = {isa = PBXBuildFile; fileRef = 8E150CA41DD1D324002C2083 /* Path.cpp */; };
/* End PBXBuildFile section */

/* Begin PBXCopyFilesBuildPhase section */
		8E150C8A1DD1BD58002C2083 /* CopyFiles */ = {
			isa = PBXCopyFilesBuildPhase;
			buildActionMask = 2147483647;
			dstPath = /usr/share/man/man1/;
			dstSubfolderSpec = 0;
			files = (
			);
			runOnlyForDeploymentPostprocessing = 1;
		};
/* End PBXCopyFilesBuildPhase section */

/* Begin PBXFileReference section */
		8E150C8C1DD1BD58002C2083 /* UE32_3 */ = {isa = PBXFileReference; explicitFileType = "compiled.mach-o.executable"; includeInIndex = 0; path = UE32_3; sourceTree = BUILT_PRODUCTS_DIR; };
		8E150C8F1DD1BD58002C2083 /* main.cpp */ = {isa = PBXFileReference; lastKnownFileType = sourcecode.cpp.cpp; path = main.cpp; sourceTree = "<group>"; };
		8E150C9A1DD1C0C6002C2083 /* Place.cpp */ = {isa = PBXFileReference; fileEncoding = 4; lastKnownFileType = sourcecode.cpp.cpp; path = Place.cpp; sourceTree = "<group>"; };
		8E150C9B1DD1C0C6002C2083 /* Place.hpp */ = {isa = PBXFileReference; fileEncoding = 4; lastKnownFileType = sourcecode.cpp.h; path = Place.hpp; sourceTree = "<group>"; };
		8E150C9D1DD1C0FA002C2083 /* basic.h */ = {isa = PBXFileReference; lastKnownFileType = sourcecode.c.h; path = basic.h; sourceTree = "<group>"; };
		8E150C9E1DD1C1BF002C2083 /* Way.cpp */ = {isa = PBXFileReference; fileEncoding = 4; lastKnownFileType = sourcecode.cpp.cpp; path = Way.cpp; sourceTree = "<group>"; };
		8E150C9F1DD1C1BF002C2083 /* Way.hpp */ = {isa = PBXFileReference; fileEncoding = 4; lastKnownFileType = sourcecode.cpp.h; path = Way.hpp; sourceTree = "<group>"; };
		8E150CA11DD1C259002C2083 /* Map.cpp */ = {isa = PBXFileReference; fileEncoding = 4; lastKnownFileType = sourcecode.cpp.cpp; path = Map.cpp; sourceTree = "<group>"; };
		8E150CA21DD1C259002C2083 /* Map.hpp */ = {isa = PBXFileReference; fileEncoding = 4; lastKnownFileType = sourcecode.cpp.h; path = Map.hpp; sourceTree = "<group>"; };
		8E150CA41DD1D324002C2083 /* Path.cpp */ = {isa = PBXFileReference; fileEncoding = 4; lastKnownFileType = sourcecode.cpp.cpp; path = Path.cpp; sourceTree = "<group>"; };
		8E150CA51DD1D324002C2083 /* Path.hpp */ = {isa = PBXFileReference; fileEncoding = 4; lastKnownFileType = sourcecode.cpp.h; path = Path.hpp; sourceTree = "<group>"; };
/* End PBXFileReference section */

/* Begin PBXFrameworksBuildPhase section */
		8E150C891DD1BD58002C2083 /* Frameworks */ = {
			isa = PBXFrameworksBuildPhase;
			buildActionMask = 2147483647;
			files = (
			);
			runOnlyForDeploymentPostprocessing = 0;
		};
/* End PBXFrameworksBuildPhase section */

/* Begin PBXGroup section */
		8E150C831DD1BD58002C2083 = {
			isa = PBXGroup;
			children = (
				8E150C8E1DD1BD58002C2083 /* UE32_3 */,
				8E150C8D1DD1BD58002C2083 /* Products */,
			);
			sourceTree = "<group>";
		};
		8E150C8D1DD1BD58002C2083 /* Products */ = {
			isa = PBXGroup;
			children = (
				8E150C8C1DD1BD58002C2083 /* UE32_3 */,
			);
			name = Products;
			sourceTree = "<group>";
		};
		8E150C8E1DD1BD58002C2083 /* UE32_3 */ = {
			isa = PBXGroup;
			children = (
				8E150C8F1DD1BD58002C2083 /* main.cpp */,
				8E150C9A1DD1C0C6002C2083 /* Place.cpp */,
				8E150C9B1DD1C0C6002C2083 /* Place.hpp */,
				8E150C9D1DD1C0FA002C2083 /* basic.h */,
				8E150C9E1DD1C1BF002C2083 /* Way.cpp */,
				8E150C9F1DD1C1BF002C2083 /* Way.hpp */,
				8E150CA11DD1C259002C2083 /* Map.cpp */,
				8E150CA21DD1C259002C2083 /* Map.hpp */,
				8E150CA41DD1D324002C2083 /* Path.cpp */,
				8E150CA51DD1D324002C2083 /* Path.hpp */,
			);
			path = UE32_3;
			sourceTree = "<group>";
		};
/* End PBXGroup section */

/* Begin PBXNativeTarget section */
		8E150C8B1DD1BD58002C2083 /* UE32_3 */ = {
			isa = PBXNativeTarget;
			buildConfigurationList = 8E150C931DD1BD58002C2083 /* Build configuration list for PBXNativeTarget "UE32_3" */;
			buildPhases = (
				8E150C881DD1BD58002C2083 /* Sources */,
				8E150C891DD1BD58002C2083 /* Frameworks */,
				8E150C8A1DD1BD58002C2083 /* CopyFiles */,
			);
			buildRules = (
			);
			dependencies = (
			);
			name = UE32_3;
			productName = UE32_3;
			productReference = 8E150C8C1DD1BD58002C2083 /* UE32_3 */;
			productType = "com.apple.product-type.tool";
		};
/* End PBXNativeTarget section */

/* Begin PBXProject section */
		8E150C841DD1BD58002C2083 /* Project object */ = {
			isa = PBXProject;
			attributes = {
				LastUpgradeCheck = 0800;
				ORGANIZATIONNAME = RT;
				TargetAttributes = {
					8E150C8B1DD1BD58002C2083 = {
						CreatedOnToolsVersion = 8.0;
						ProvisioningStyle = Automatic;
					};
				};
			};
			buildConfigurationList = 8E150C871DD1BD58002C2083 /* Build configuration list for PBXProject "UE32_3" */;
			compatibilityVersion = "Xcode 3.2";
			developmentRegion = English;
			hasScannedForEncodings = 0;
			knownRegions = (
				en,
			);
			mainGroup = 8E150C831DD1BD58002C2083;
			productRefGroup = 8E150C8D1DD1BD58002C2083 /* Products */;
			projectDirPath = "";
			projectRoot = "";
			targets = (
				8E150C8B1DD1BD58002C2083 /* UE32_3 */,
			);
		};
/* End PBXProject section */

/* Begin PBXSourcesBuildPhase section */
		8E150C881DD1BD58002C2083 /* Sources */ = {
			isa = PBXSourcesBuildPhase;
			buildActionMask = 2147483647;
			files = (
				8E150C9C1DD1C0C6002C2083 /* Place.cpp in Sources */,
				8E150CA31DD1C259002C2083 /* Map.cpp in Sources */,
				8E150CA01DD1C1BF002C2083 /* Way.cpp in Sources */,
				8E150C901DD1BD58002C2083 /* main.cpp in Sources */,
				8E150CA61DD1D324002C2083 /* Path.cpp in Sources */,
			);
			runOnlyForDeploymentPostprocessing = 0;
		};
/* End PBXSourcesBuildPhase section */

/* Begin XCBuildConfiguration section */
		8E150C911DD1BD58002C2083 /* Debug */ = {
			isa = XCBuildConfiguration;
			buildSettings = {
				ALWAYS_SEARCH_USER_PATHS = NO;
				CLANG_ANALYZER_NONNULL = YES;
				CLANG_CXX_LANGUAGE_STANDARD = "gnu++0x";
				CLANG_CXX_LIBRARY = "libc++";
				CLANG_ENABLE_MODULES = YES;
				CLANG_ENABLE_OBJC_ARC = YES;
				CLANG_WARN_BOOL_CONVERSION = YES;
				CLANG_WARN_CONSTANT_CONVERSION = YES;
				CLANG_WARN_DIRECT_OBJC_ISA_USAGE = YES_ERROR;
				CLANG_WARN_DOCUMENTATION_COMMENTS = YES;
				CLANG_WARN_EMPTY_BODY = YES;
				CLANG_WARN_ENUM_CONVERSION = YES;
				CLANG_WARN_INFINITE_RECURSION = YES;
				CLANG_WARN_INT_CONVERSION = YES;
				CLANG_WARN_OBJC_ROOT_CLASS = YES_ERROR;
				CLANG_WARN_SUSPICIOUS_MOVES = YES;
				CLANG_WARN_UNREACHABLE_CODE = YES;
				CLANG_WARN__DUPLICATE_METHOD_MATCH = YES;
				CODE_SIGN_IDENTITY = "-";
				COPY_PHASE_STRIP = NO;
				DEBUG_INFORMATION_FORMAT = dwarf;
				ENABLE_STRICT_OBJC_MSGSEND = YES;
				ENABLE_TESTABILITY = YES;
				GCC_C_LANGUAGE_STANDARD = gnu99;
				GCC_DYNAMIC_NO_PIC = NO;
				GCC_NO_COMMON_BLOCKS = YES;
				GCC_OPTIMIZATION_LEVEL = 0;
				GCC_PREPROCESSOR_DEFINITIONS = (
					"DEBUG=1",
					"$(inherited)",
				);
				GCC_WARN_64_TO_32_BIT_CONVERSION = YES;
				GCC_WARN_ABOUT_RETURN_TYPE = YES_ERROR;
				GCC_WARN_UNDECLARED_SELECTOR = YES;
				GCC_WARN_UNINITIALIZED_AUTOS = YES_AGGRESSIVE;
				GCC_WARN_UNUSED_FUNCTION = YES;
				GCC_WARN_UNUSED_VARIABLE = YES;
				MACOSX_DEPLOYMENT_TARGET = 10.12;
				MTL_ENABLE_DEBUG_INFO = YES;
				ONLY_ACTIVE_ARCH = YES;
				SDKROOT = macosx;
			};
			name = Debug;
		};
		8E150C921DD1BD58002C2083 /* Release */ = {
			isa = XCBuildConfiguration;
			buildSettings = {
				ALWAYS_SEARCH_USER_PATHS = NO;
				CLANG_ANALYZER_NONNULL = YES;
				CLANG_CXX_LANGUAGE_STANDARD = "gnu++0x";
				CLANG_CXX_LIBRARY = "libc++";
				CLANG_ENABLE_MODULES = YES;
				CLANG_ENABLE_OBJC_ARC = YES;
				CLANG_WARN_BOOL_CONVERSION = YES;
				CLANG_WARN_CONSTANT_CONVERSION = YES;
				CLANG_WARN_DIRECT_OBJC_ISA_USAGE = YES_ERROR;
				CLANG_WARN_DOCUMENTATION_COMMENTS = YES;
				CLANG_WARN_EMPTY_BODY = YES;
				CLANG_WARN_ENUM_CONVERSION = YES;
				CLANG_WARN_INFINITE_RECURSION = YES;
				CLANG_WARN_INT_CONVERSION = YES;
				CLANG_WARN_OBJC_ROOT_CLASS = YES_ERROR;
				CLANG_WARN_SUSPICIOUS_MOVES = YES;
				CLANG_WARN_UNREACHABLE_CODE = YES;
				CLANG_WARN__DUPLICATE_METHOD_MATCH = YES;
				CODE_SIGN_IDENTITY = "-";
				COPY_PHASE_STRIP = NO;
				DEBUG_INFORMATION_FORMAT = "dwarf-with-dsym";
				ENABLE_NS_ASSERTIONS = NO;
				ENABLE_STRICT_OBJC_MSGSEND = YES;
				GCC_C_LANGUAGE_STANDARD = gnu99;
				GCC_NO_COMMON_BLOCKS = YES;
				GCC_WARN_64_TO_32_BIT_CONVERSION = YES;
				GCC_WARN_ABOUT_RETURN_TYPE = YES_ERROR;
				GCC_WARN_UNDECLARED_SELECTOR = YES;
				GCC_WARN_UNINITIALIZED_AUTOS = YES_AGGRESSIVE;
				GCC_WARN_UNUSED_FUNCTION = YES;
				GCC_WARN_UNUSED_VARIABLE = YES;
				MACOSX_DEPLOYMENT_TARGET = 10.12;
				MTL_ENABLE_DEBUG_INFO = NO;
				SDKROOT = macosx;
			};
			name = Release;
		};
		8E150C941DD1BD58002C2083 /* Debug */ = {
			isa = XCBuildConfiguration;
			buildSettings = {
				PRODUCT_NAME = "$(TARGET_NAME)";
			};
			name = Debug;
		};
		8E150C951DD1BD58002C2083 /* Release */ = {
			isa = XCBuildConfiguration;
			buildSettings = {
				PRODUCT_NAME = "$(TARGET_NAME)";
			};
			name = Release;
		};
/* End XCBuildConfiguration section */

/* Begin XCConfigurationList section */
		8E150C871DD1BD58002C2083 /* Build configuration list for PBXProject "UE32_3" */ = {
			isa = XCConfigurationList;
			buildConfigurations = (
				8E150C911DD1BD58002C2083 /* Debug */,
				8E150C921DD1BD58002C2083 /* Release */,
			);
			defaultConfigurationIsVisible = 0;
			defaultConfigurationName = Release;
		};
		8E150C931DD1BD58002C2083 /* Build configuration list for PBXNativeTarget "UE32_3" */ = {
			isa = XCConfigurationList;
			buildConfigurations = (
				8E150C941DD1BD58002C2083 /* Debug */,
				8E150C951DD1BD58002C2083 /* Release */,
			);
			defaultConfigurationIsVisible = 0;
		};
/* End XCConfigurationList section */
	};
	rootObject = 8E150C841DD1BD58002C2083 /* Project object */;
}
